
Microsoft Visual Studio Solution File, Format Version 12.00
# Visual Studio 2013
VisualStudioVersion = 12.0.31101.0
MinimumVisualStudioVersion = 10.0.40219.1
Project("{FAE04EC0-301F-11D3-BF4B-00C04F79EFBC}") = "Boldyreva_task_1", "Boldyreva_task_1\Boldyreva_task_1.csproj", "{455CD151-16FA-4C8C-9340-5C1EC21B78EE}"
EndProject
Global
	GlobalSection(SolutionConfigurationPlatforms) = preSolution
		Debug|Any CPU = Debug|Any CPU
		Release|Any CPU = Release|Any CPU
	EndGlobalSection
	GlobalSection(ProjectConfigurationPlatforms) = postSolution
		{455CD151-16FA-4C8C-9340-5C1EC21B78EE}.Debug|Any CPU.ActiveCfg = Debug|Any CPU
		{455CD151-16FA-4C8C-9340-5C1EC21B78EE}.Debug|Any CPU.Build.0 = Debug|Any CPU
		{455CD151-16FA-4C8C-9340-5C1EC21B78EE}.Release|Any CPU.ActiveCfg = Release|Any CPU
		{455CD151-16FA-4C8C-9340-5C1EC21B78EE}.Release|Any CPU.Build.0 = Release|Any CPU
	EndGlobalSection
	GlobalSection(SolutionProperties) = preSolution
		HideSolutionNode = FALSE
	EndGlobalSection
EndGlobal
